
Microsoft Visual Studio Solution File, Format Version 12.00
# Visual Studio Version 16
VisualStudioVersion = 16.0.30413.136
MinimumVisualStudioVersion = 10.0.40219.1
Project("{FAE04EC0-301F-11D3-BF4B-00C04F79EFBC}") = "BlazorApp1", "BlazorApp1\BlazorApp1.csproj", "{5CB40621-609F-4761-A3F9-1BDDE3BA50B6}"
EndProject
Project("{9A19103F-16F7-4668-BE54-9A1E7A4F7556}") = "DataAccessLibrary", "DataAccessLibrary\DataAccessLibrary.csproj", "{6404BC86-841A-4C52-8AD0-A2E6ECF8F9F3}"
EndProject
Global
	GlobalSection(SolutionConfigurationPlatforms) = preSolution
		Debug|Any CPU = Debug|Any CPU
		Release|Any CPU = Release|Any CPU
	EndGlobalSection
	GlobalSection(ProjectConfigurationPlatforms) = postSolution
		{5CB40621-609F-4761-A3F9-1BDDE3BA50B6}.Debug|Any CPU.ActiveCfg = Debug|Any CPU
		{5CB40621-609F-4761-A3F9-1BDDE3BA50B6}.Debug|Any CPU.Build.0 = Debug|Any CPU
		{5CB40621-609F-4761-A3F9-1BDDE3BA50B6}.Release|Any CPU.ActiveCfg = Release|Any CPU
		{5CB40621-609F-4761-A3F9-1BDDE3BA50B6}.Release|Any CPU.Build.0 = Release|Any CPU
		{6404BC86-841A-4C52-8AD0-A2E6ECF8F9F3}.Debug|Any CPU.ActiveCfg = Debug|Any CPU
		{6404BC86-841A-4C52-8AD0-A2E6ECF8F9F3}.Debug|Any CPU.Build.0 = Debug|Any CPU
		{6404BC86-841A-4C52-8AD0-A2E6ECF8F9F3}.Release|Any CPU.ActiveCfg = Release|Any CPU
		{6404BC86-841A-4C52-8AD0-A2E6ECF8F9F3}.Release|Any CPU.Build.0 = Release|Any CPU
	EndGlobalSection
	GlobalSection(SolutionProperties) = preSolution
		HideSolutionNode = FALSE
	EndGlobalSection
	GlobalSection(ExtensibilityGlobals) = postSolution
		SolutionGuid = {883FBEE0-1244-4CFD-9E89-EC35B6F6598B}
	EndGlobalSection
EndGlobal
